// !$*UTF8*$!
{
	archiveVersion = 1;
	classes = {
	};
	objectVersion = 50;
	objects = {

/* Begin PBXBuildFile section */
		5B468DE32626F470003930D8 /* AlbumPerUsersRequest.swift in Sources */ = {isa = PBXBuildFile; fileRef = 5B468DE22626F470003930D8 /* AlbumPerUsersRequest.swift */; };
		5B468DEF2626F4CB003930D8 /* User.swift in Sources */ = {isa = PBXBuildFile; fileRef = 5B468DEE2626F4CB003930D8 /* User.swift */; };
		5B468E012627218B003930D8 /* Responses.swift in Sources */ = {isa = PBXBuildFile; fileRef = 5B468E002627218B003930D8 /* Responses.swift */; };
		5B468E0526272883003930D8 /* AllUsersRequest.swift in Sources */ = {isa = PBXBuildFile; fileRef = 5B468E0426272883003930D8 /* AllUsersRequest.swift */; };
		5B468E1226273057003930D8 /* RemoteDataManagerProtocol.swift in Sources */ = {isa = PBXBuildFile; fileRef = 5B468E1126273057003930D8 /* RemoteDataManagerProtocol.swift */; };
		5B468E1826273068003930D8 /* RemoteDataManagerImpl.swift in Sources */ = {isa = PBXBuildFile; fileRef = 5B468E1726273068003930D8 /* RemoteDataManagerImpl.swift */; };
		5B468E1E2627347E003930D8 /* DataManager.swift in Sources */ = {isa = PBXBuildFile; fileRef = 5B468E1D2627347E003930D8 /* DataManager.swift */; };
		5B468E2226273586003930D8 /* AlbumDataManagerProtocol.swift in Sources */ = {isa = PBXBuildFile; fileRef = 5B468E2126273586003930D8 /* AlbumDataManagerProtocol.swift */; };
		5B468E26262735B5003930D8 /* PhotoDataManagerProtocol.swift in Sources */ = {isa = PBXBuildFile; fileRef = 5B468E25262735B5003930D8 /* PhotoDataManagerProtocol.swift */; };
		5B468E2A262735E1003930D8 /* UserDataManagerProtocol.swift in Sources */ = {isa = PBXBuildFile; fileRef = 5B468E29262735E1003930D8 /* UserDataManagerProtocol.swift */; };
		5B468E2E26273616003930D8 /* ImageService.swift in Sources */ = {isa = PBXBuildFile; fileRef = 5B468E2D26273616003930D8 /* ImageService.swift */; };
		5B468E3B2627503C003930D8 /* UserByIdRequest.swift in Sources */ = {isa = PBXBuildFile; fileRef = 5B468E3A2627503C003930D8 /* UserByIdRequest.swift */; };
		5B468E4426275B5D003930D8 /* UIView+Ext.swift in Sources */ = {isa = PBXBuildFile; fileRef = 5B468E4326275B5D003930D8 /* UIView+Ext.swift */; };
		5B468E4C26275FDF003930D8 /* AlbumViewModel.swift in Sources */ = {isa = PBXBuildFile; fileRef = 5B468E4B26275FDF003930D8 /* AlbumViewModel.swift */; };
		5B468E57262763CD003930D8 /* AlbumCellViewModel.swift in Sources */ = {isa = PBXBuildFile; fileRef = 5B468E56262763CD003930D8 /* AlbumCellViewModel.swift */; };
		5B468E5B26276610003930D8 /* AlbumCell.swift in Sources */ = {isa = PBXBuildFile; fileRef = 5B468E5A26276610003930D8 /* AlbumCell.swift */; };
		5B468E5F26276A5B003930D8 /* AlbumViewModelDelegate.swift in Sources */ = {isa = PBXBuildFile; fileRef = 5B468E5E26276A5B003930D8 /* AlbumViewModelDelegate.swift */; };
		5B509E322626DB4E009A0B00 /* PhotoAPIRequestTests.swift in Sources */ = {isa = PBXBuildFile; fileRef = 5B509E312626DB4E009A0B00 /* PhotoAPIRequestTests.swift */; };
		5B509E422626EDBD009A0B00 /* AllPhotosResquest.swift in Sources */ = {isa = PBXBuildFile; fileRef = 5B509E412626EDBD009A0B00 /* AllPhotosResquest.swift */; };
		5B509E482626F006009A0B00 /* PhotosPerAlbumRequest.swift in Sources */ = {isa = PBXBuildFile; fileRef = 5B509E472626F006009A0B00 /* PhotosPerAlbumRequest.swift */; };
		5BC39E4A262609B200DFB699 /* Album.swift in Sources */ = {isa = PBXBuildFile; fileRef = 5BC39E49262609B200DFB699 /* Album.swift */; };
		5BC39E5326260AE800DFB699 /* Photo.swift in Sources */ = {isa = PBXBuildFile; fileRef = 5BC39E5226260AE800DFB699 /* Photo.swift */; };
		5BC39E5C2626100500DFB699 /* HTTPMethods.swift in Sources */ = {isa = PBXBuildFile; fileRef = 5BC39E5B2626100500DFB699 /* HTTPMethods.swift */; };
		5BC39E602626156C00DFB699 /* APIResquest.swift in Sources */ = {isa = PBXBuildFile; fileRef = 5BC39E5F2626156C00DFB699 /* APIResquest.swift */; };
		5BC39E6326261F6200DFB699 /* APIPaths.swift in Sources */ = {isa = PBXBuildFile; fileRef = 5BC39E6226261F6200DFB699 /* APIPaths.swift */; };
		5BC39E6C2626253D00DFB699 /* NetworkService.swift in Sources */ = {isa = PBXBuildFile; fileRef = 5BC39E6B2626253D00DFB699 /* NetworkService.swift */; };
		5BC39E6F2626256300DFB699 /* AllAlbumsResquest.swift in Sources */ = {isa = PBXBuildFile; fileRef = 5BC39E6E2626256300DFB699 /* AllAlbumsResquest.swift */; };
		5BF5BC9C2626025100203EE2 /* AppDelegate.swift in Sources */ = {isa = PBXBuildFile; fileRef = 5BF5BC9B2626025100203EE2 /* AppDelegate.swift */; };
		5BF5BC9E2626025100203EE2 /* SceneDelegate.swift in Sources */ = {isa = PBXBuildFile; fileRef = 5BF5BC9D2626025100203EE2 /* SceneDelegate.swift */; };
		5BF5BCA02626025100203EE2 /* ViewController.swift in Sources */ = {isa = PBXBuildFile; fileRef = 5BF5BC9F2626025100203EE2 /* ViewController.swift */; };
		5BF5BCA52626025300203EE2 /* Assets.xcassets in Resources */ = {isa = PBXBuildFile; fileRef = 5BF5BCA42626025300203EE2 /* Assets.xcassets */; };
		5BF5BCA82626025300203EE2 /* LaunchScreen.storyboard in Resources */ = {isa = PBXBuildFile; fileRef = 5BF5BCA62626025300203EE2 /* LaunchScreen.storyboard */; };
/* End PBXBuildFile section */

/* Begin PBXContainerItemProxy section */
		5B509E342626DB4E009A0B00 /* PBXContainerItemProxy */ = {
			isa = PBXContainerItemProxy;
			containerPortal = 5BF5BC902626025100203EE2 /* Project object */;
			proxyType = 1;
			remoteGlobalIDString = 5BF5BC972626025100203EE2;
			remoteInfo = PhotoAPI;
		};
/* End PBXContainerItemProxy section */

/* Begin PBXFileReference section */
		5B468DE22626F470003930D8 /* AlbumPerUsersRequest.swift */ = {isa = PBXFileReference; lastKnownFileType = sourcecode.swift; path = AlbumPerUsersRequest.swift; sourceTree = "<group>"; };
		5B468DEE2626F4CB003930D8 /* User.swift */ = {isa = PBXFileReference; lastKnownFileType = sourcecode.swift; path = User.swift; sourceTree = "<group>"; };
		5B468E002627218B003930D8 /* Responses.swift */ = {isa = PBXFileReference; lastKnownFileType = sourcecode.swift; path = Responses.swift; sourceTree = "<group>"; };
		5B468E0426272883003930D8 /* AllUsersRequest.swift */ = {isa = PBXFileReference; lastKnownFileType = sourcecode.swift; path = AllUsersRequest.swift; sourceTree = "<group>"; };
		5B468E1126273057003930D8 /* RemoteDataManagerProtocol.swift */ = {isa = PBXFileReference; lastKnownFileType = sourcecode.swift; path = RemoteDataManagerProtocol.swift; sourceTree = "<group>"; };
		5B468E1726273068003930D8 /* RemoteDataManagerImpl.swift */ = {isa = PBXFileReference; lastKnownFileType = sourcecode.swift; path = RemoteDataManagerImpl.swift; sourceTree = "<group>"; };
		5B468E1D2627347E003930D8 /* DataManager.swift */ = {isa = PBXFileReference; lastKnownFileType = sourcecode.swift; path = DataManager.swift; sourceTree = "<group>"; };
		5B468E2126273586003930D8 /* AlbumDataManagerProtocol.swift */ = {isa = PBXFileReference; lastKnownFileType = sourcecode.swift; path = AlbumDataManagerProtocol.swift; sourceTree = "<group>"; };
		5B468E25262735B5003930D8 /* PhotoDataManagerProtocol.swift */ = {isa = PBXFileReference; lastKnownFileType = sourcecode.swift; path = PhotoDataManagerProtocol.swift; sourceTree = "<group>"; };
		5B468E29262735E1003930D8 /* UserDataManagerProtocol.swift */ = {isa = PBXFileReference; lastKnownFileType = sourcecode.swift; path = UserDataManagerProtocol.swift; sourceTree = "<group>"; };
		5B468E2D26273616003930D8 /* ImageService.swift */ = {isa = PBXFileReference; lastKnownFileType = sourcecode.swift; path = ImageService.swift; sourceTree = "<group>"; };
		5B468E3A2627503C003930D8 /* UserByIdRequest.swift */ = {isa = PBXFileReference; lastKnownFileType = sourcecode.swift; path = UserByIdRequest.swift; sourceTree = "<group>"; };
		5B468E4326275B5D003930D8 /* UIView+Ext.swift */ = {isa = PBXFileReference; lastKnownFileType = sourcecode.swift; path = "UIView+Ext.swift"; sourceTree = "<group>"; };
		5B468E4B26275FDF003930D8 /* AlbumViewModel.swift */ = {isa = PBXFileReference; lastKnownFileType = sourcecode.swift; path = AlbumViewModel.swift; sourceTree = "<group>"; };
		5B468E56262763CD003930D8 /* AlbumCellViewModel.swift */ = {isa = PBXFileReference; lastKnownFileType = sourcecode.swift; path = AlbumCellViewModel.swift; sourceTree = "<group>"; };
		5B468E5A26276610003930D8 /* AlbumCell.swift */ = {isa = PBXFileReference; lastKnownFileType = sourcecode.swift; path = AlbumCell.swift; sourceTree = "<group>"; };
		5B468E5E26276A5B003930D8 /* AlbumViewModelDelegate.swift */ = {isa = PBXFileReference; lastKnownFileType = sourcecode.swift; path = AlbumViewModelDelegate.swift; sourceTree = "<group>"; };
		5B509E2F2626DB4E009A0B00 /* PhotoAPITests.xctest */ = {isa = PBXFileReference; explicitFileType = wrapper.cfbundle; includeInIndex = 0; path = PhotoAPITests.xctest; sourceTree = BUILT_PRODUCTS_DIR; };
		5B509E312626DB4E009A0B00 /* PhotoAPIRequestTests.swift */ = {isa = PBXFileReference; lastKnownFileType = sourcecode.swift; path = PhotoAPIRequestTests.swift; sourceTree = "<group>"; };
		5B509E332626DB4E009A0B00 /* Info.plist */ = {isa = PBXFileReference; lastKnownFileType = text.plist.xml; path = Info.plist; sourceTree = "<group>"; };
		5B509E412626EDBD009A0B00 /* AllPhotosResquest.swift */ = {isa = PBXFileReference; lastKnownFileType = sourcecode.swift; path = AllPhotosResquest.swift; sourceTree = "<group>"; };
		5B509E472626F006009A0B00 /* PhotosPerAlbumRequest.swift */ = {isa = PBXFileReference; lastKnownFileType = sourcecode.swift; path = PhotosPerAlbumRequest.swift; sourceTree = "<group>"; };
		5BC39E49262609B200DFB699 /* Album.swift */ = {isa = PBXFileReference; lastKnownFileType = sourcecode.swift; path = Album.swift; sourceTree = "<group>"; };
		5BC39E5226260AE800DFB699 /* Photo.swift */ = {isa = PBXFileReference; lastKnownFileType = sourcecode.swift; path = Photo.swift; sourceTree = "<group>"; };
		5BC39E5B2626100500DFB699 /* HTTPMethods.swift */ = {isa = PBXFileReference; lastKnownFileType = sourcecode.swift; path = HTTPMethods.swift; sourceTree = "<group>"; };
		5BC39E5F2626156C00DFB699 /* APIResquest.swift */ = {isa = PBXFileReference; lastKnownFileType = sourcecode.swift; path = APIResquest.swift; sourceTree = "<group>"; };
		5BC39E6226261F6200DFB699 /* APIPaths.swift */ = {isa = PBXFileReference; lastKnownFileType = sourcecode.swift; path = APIPaths.swift; sourceTree = "<group>"; };
		5BC39E6B2626253D00DFB699 /* NetworkService.swift */ = {isa = PBXFileReference; lastKnownFileType = sourcecode.swift; path = NetworkService.swift; sourceTree = "<group>"; };
		5BC39E6E2626256300DFB699 /* AllAlbumsResquest.swift */ = {isa = PBXFileReference; lastKnownFileType = sourcecode.swift; path = AllAlbumsResquest.swift; sourceTree = "<group>"; };
		5BF5BC982626025100203EE2 /* PhotoAPI.app */ = {isa = PBXFileReference; explicitFileType = wrapper.application; includeInIndex = 0; path = PhotoAPI.app; sourceTree = BUILT_PRODUCTS_DIR; };
		5BF5BC9B2626025100203EE2 /* AppDelegate.swift */ = {isa = PBXFileReference; lastKnownFileType = sourcecode.swift; path = AppDelegate.swift; sourceTree = "<group>"; };
		5BF5BC9D2626025100203EE2 /* SceneDelegate.swift */ = {isa = PBXFileReference; lastKnownFileType = sourcecode.swift; path = SceneDelegate.swift; sourceTree = "<group>"; };
		5BF5BC9F2626025100203EE2 /* ViewController.swift */ = {isa = PBXFileReference; lastKnownFileType = sourcecode.swift; path = ViewController.swift; sourceTree = "<group>"; };
		5BF5BCA42626025300203EE2 /* Assets.xcassets */ = {isa = PBXFileReference; lastKnownFileType = folder.assetcatalog; path = Assets.xcassets; sourceTree = "<group>"; };
		5BF5BCA72626025300203EE2 /* Base */ = {isa = PBXFileReference; lastKnownFileType = file.storyboard; name = Base; path = Base.lproj/LaunchScreen.storyboard; sourceTree = "<group>"; };
		5BF5BCA92626025300203EE2 /* Info.plist */ = {isa = PBXFileReference; lastKnownFileType = text.plist.xml; path = Info.plist; sourceTree = "<group>"; };
/* End PBXFileReference section */

/* Begin PBXFrameworksBuildPhase section */
		5B509E2C2626DB4E009A0B00 /* Frameworks */ = {
			isa = PBXFrameworksBuildPhase;
			buildActionMask = 2147483647;
			files = (
			);
			runOnlyForDeploymentPostprocessing = 0;
		};
		5BF5BC952626025100203EE2 /* Frameworks */ = {
			isa = PBXFrameworksBuildPhase;
			buildActionMask = 2147483647;
			files = (
			);
			runOnlyForDeploymentPostprocessing = 0;
		};
/* End PBXFrameworksBuildPhase section */

/* Begin PBXGroup section */
		5B468DEC2626F4B4003930D8 /* Users */ = {
			isa = PBXGroup;
			children = (
				5B468DED2626F4BE003930D8 /* Models */,
			);
			path = Users;
			sourceTree = "<group>";
		};
		5B468DED2626F4BE003930D8 /* Models */ = {
			isa = PBXGroup;
			children = (
				5B468DEE2626F4CB003930D8 /* User.swift */,
				5B468E29262735E1003930D8 /* UserDataManagerProtocol.swift */,
			);
			path = Models;
			sourceTree = "<group>";
		};
		5B468E0F26273006003930D8 /* DataManagers */ = {
			isa = PBXGroup;
			children = (
				5B468E102627303A003930D8 /* Remote */,
				5B468E1D2627347E003930D8 /* DataManager.swift */,
			);
			path = DataManagers;
			sourceTree = "<group>";
		};
		5B468E102627303A003930D8 /* Remote */ = {
			isa = PBXGroup;
			children = (
				5B468E1126273057003930D8 /* RemoteDataManagerProtocol.swift */,
				5B468E1726273068003930D8 /* RemoteDataManagerImpl.swift */,
			);
			path = Remote;
			sourceTree = "<group>";
		};
		5B468E3526274ED5003930D8 /* Services */ = {
			isa = PBXGroup;
			children = (
				5B468E2D26273616003930D8 /* ImageService.swift */,
			);
			path = Services;
			sourceTree = "<group>";
		};
		5B468E4F26276365003930D8 /* CellViewModels */ = {
			isa = PBXGroup;
			children = (
				5B468E56262763CD003930D8 /* AlbumCellViewModel.swift */,
			);
			path = CellViewModels;
			sourceTree = "<group>";
		};
		5B509E302626DB4E009A0B00 /* PhotoAPITests */ = {
			isa = PBXGroup;
			children = (
				5B509E312626DB4E009A0B00 /* PhotoAPIRequestTests.swift */,
				5B509E332626DB4E009A0B00 /* Info.plist */,
			);
			path = PhotoAPITests;
			sourceTree = "<group>";
		};
		5BC39E442626095700DFB699 /* Albums */ = {
			isa = PBXGroup;
			children = (
				5BC39E482626099800DFB699 /* Controllers */,
				5BC39E452626096600DFB699 /* Models */,
				5BC39E462626097100DFB699 /* Views */,
				5BC39E472626097F00DFB699 /* ViewModels */,
			);
			path = Albums;
			sourceTree = "<group>";
		};
		5BC39E452626096600DFB699 /* Models */ = {
			isa = PBXGroup;
			children = (
				5BC39E49262609B200DFB699 /* Album.swift */,
				5B468E2126273586003930D8 /* AlbumDataManagerProtocol.swift */,
			);
			path = Models;
			sourceTree = "<group>";
		};
		5BC39E462626097100DFB699 /* Views */ = {
			isa = PBXGroup;
			children = (
				5B468E5A26276610003930D8 /* AlbumCell.swift */,
			);
			path = Views;
			sourceTree = "<group>";
		};
		5BC39E472626097F00DFB699 /* ViewModels */ = {
			isa = PBXGroup;
			children = (
				5B468E4F26276365003930D8 /* CellViewModels */,
				5B468E4B26275FDF003930D8 /* AlbumViewModel.swift */,
				5B468E5E26276A5B003930D8 /* AlbumViewModelDelegate.swift */,
			);
			path = ViewModels;
			sourceTree = "<group>";
		};
		5BC39E482626099800DFB699 /* Controllers */ = {
			isa = PBXGroup;
			children = (
				5BF5BC9F2626025100203EE2 /* ViewController.swift */,
			);
			path = Controllers;
			sourceTree = "<group>";
		};
		5BC39E4D26260AAF00DFB699 /* Photos */ = {
			isa = PBXGroup;
			children = (
				5BC39E5126260AD800DFB699 /* Controllers */,
				5BC39E4E26260AB800DFB699 /* Models */,
				5BC39E4F26260ABD00DFB699 /* Views */,
				5BC39E5026260AC300DFB699 /* ViewModels */,
			);
			path = Photos;
			sourceTree = "<group>";
		};
		5BC39E4E26260AB800DFB699 /* Models */ = {
			isa = PBXGroup;
			children = (
				5BC39E5226260AE800DFB699 /* Photo.swift */,
				5B468E25262735B5003930D8 /* PhotoDataManagerProtocol.swift */,
			);
			path = Models;
			sourceTree = "<group>";
		};
		5BC39E4F26260ABD00DFB699 /* Views */ = {
			isa = PBXGroup;
			children = (
			);
			path = Views;
			sourceTree = "<group>";
		};
		5BC39E5026260AC300DFB699 /* ViewModels */ = {
			isa = PBXGroup;
			children = (
			);
			path = ViewModels;
			sourceTree = "<group>";
		};
		5BC39E5126260AD800DFB699 /* Controllers */ = {
			isa = PBXGroup;
			children = (
			);
			path = Controllers;
			sourceTree = "<group>";
		};
		5BC39E5726260FC000DFB699 /* Network */ = {
			isa = PBXGroup;
			children = (
				5B468E3526274ED5003930D8 /* Services */,
				5BC39E5826260FDE00DFB699 /* Utils */,
				5BC39E5A26260FED00DFB699 /* ResponseModels */,
				5BC39E5926260FE300DFB699 /* RequestModels */,
			);
			path = Network;
			sourceTree = "<group>";
		};
		5BC39E5826260FDE00DFB699 /* Utils */ = {
			isa = PBXGroup;
			children = (
				5BC39E5B2626100500DFB699 /* HTTPMethods.swift */,
				5BC39E5F2626156C00DFB699 /* APIResquest.swift */,
				5BC39E6226261F6200DFB699 /* APIPaths.swift */,
				5BC39E6B2626253D00DFB699 /* NetworkService.swift */,
			);
			path = Utils;
			sourceTree = "<group>";
		};
		5BC39E5926260FE300DFB699 /* RequestModels */ = {
			isa = PBXGroup;
			children = (
				5BC39E6E2626256300DFB699 /* AllAlbumsResquest.swift */,
				5B509E412626EDBD009A0B00 /* AllPhotosResquest.swift */,
				5B468E0426272883003930D8 /* AllUsersRequest.swift */,
				5B468DE22626F470003930D8 /* AlbumPerUsersRequest.swift */,
				5B509E472626F006009A0B00 /* PhotosPerAlbumRequest.swift */,
				5B468E3A2627503C003930D8 /* UserByIdRequest.swift */,
			);
			path = RequestModels;
			sourceTree = "<group>";
		};
		5BC39E5A26260FED00DFB699 /* ResponseModels */ = {
			isa = PBXGroup;
			children = (
				5B468E002627218B003930D8 /* Responses.swift */,
			);
			path = ResponseModels;
			sourceTree = "<group>";
		};
		5BC39E65262622ED00DFB699 /* Extensions */ = {
			isa = PBXGroup;
			children = (
				5B468E4326275B5D003930D8 /* UIView+Ext.swift */,
			);
			path = Extensions;
			sourceTree = "<group>";
		};
		5BF5BC8F2626025100203EE2 = {
			isa = PBXGroup;
			children = (
				5BF5BC9A2626025100203EE2 /* PhotoAPI */,
				5B509E302626DB4E009A0B00 /* PhotoAPITests */,
				5BF5BC992626025100203EE2 /* Products */,
			);
			sourceTree = "<group>";
		};
		5BF5BC992626025100203EE2 /* Products */ = {
			isa = PBXGroup;
			children = (
				5BF5BC982626025100203EE2 /* PhotoAPI.app */,
				5B509E2F2626DB4E009A0B00 /* PhotoAPITests.xctest */,
			);
			name = Products;
			sourceTree = "<group>";
		};
		5BF5BC9A2626025100203EE2 /* PhotoAPI */ = {
			isa = PBXGroup;
			children = (
				5BF5BCB12626028100203EE2 /* App */,
				5BC39E65262622ED00DFB699 /* Extensions */,
				5BC39E5726260FC000DFB699 /* Network */,
				5B468E0F26273006003930D8 /* DataManagers */,
				5BC39E442626095700DFB699 /* Albums */,
				5BC39E4D26260AAF00DFB699 /* Photos */,
				5B468DEC2626F4B4003930D8 /* Users */,
				5BF5BCA42626025300203EE2 /* Assets.xcassets */,
			);
			path = PhotoAPI;
			sourceTree = "<group>";
		};
		5BF5BCB12626028100203EE2 /* App */ = {
			isa = PBXGroup;
			children = (
				5BF5BC9B2626025100203EE2 /* AppDelegate.swift */,
				5BF5BC9D2626025100203EE2 /* SceneDelegate.swift */,
				5BF5BCA92626025300203EE2 /* Info.plist */,
				5BF5BCA62626025300203EE2 /* LaunchScreen.storyboard */,
			);
			path = App;
			sourceTree = "<group>";
		};
/* End PBXGroup section */

/* Begin PBXNativeTarget section */
		5B509E2E2626DB4E009A0B00 /* PhotoAPITests */ = {
			isa = PBXNativeTarget;
			buildConfigurationList = 5B509E382626DB4E009A0B00 /* Build configuration list for PBXNativeTarget "PhotoAPITests" */;
			buildPhases = (
				5B509E2B2626DB4E009A0B00 /* Sources */,
				5B509E2C2626DB4E009A0B00 /* Frameworks */,
				5B509E2D2626DB4E009A0B00 /* Resources */,
			);
			buildRules = (
			);
			dependencies = (
				5B509E352626DB4E009A0B00 /* PBXTargetDependency */,
			);
			name = PhotoAPITests;
			productName = PhotoAPITests;
			productReference = 5B509E2F2626DB4E009A0B00 /* PhotoAPITests.xctest */;
			productType = "com.apple.product-type.bundle.unit-test";
		};
		5BF5BC972626025100203EE2 /* PhotoAPI */ = {
			isa = PBXNativeTarget;
			buildConfigurationList = 5BF5BCAC2626025300203EE2 /* Build configuration list for PBXNativeTarget "PhotoAPI" */;
			buildPhases = (
				5BF5BC942626025100203EE2 /* Sources */,
				5BF5BC952626025100203EE2 /* Frameworks */,
				5BF5BC962626025100203EE2 /* Resources */,
			);
			buildRules = (
			);
			dependencies = (
			);
			name = PhotoAPI;
			productName = PhotoAPI;
			productReference = 5BF5BC982626025100203EE2 /* PhotoAPI.app */;
			productType = "com.apple.product-type.application";
		};
/* End PBXNativeTarget section */

/* Begin PBXProject section */
		5BF5BC902626025100203EE2 /* Project object */ = {
			isa = PBXProject;
			attributes = {
				LastSwiftUpdateCheck = 1240;
				LastUpgradeCheck = 1240;
				TargetAttributes = {
					5B509E2E2626DB4E009A0B00 = {
						CreatedOnToolsVersion = 12.4;
						TestTargetID = 5BF5BC972626025100203EE2;
					};
					5BF5BC972626025100203EE2 = {
						CreatedOnToolsVersion = 12.4;
					};
				};
			};
			buildConfigurationList = 5BF5BC932626025100203EE2 /* Build configuration list for PBXProject "PhotoAPI" */;
			compatibilityVersion = "Xcode 9.3";
			developmentRegion = en;
			hasScannedForEncodings = 0;
			knownRegions = (
				en,
				Base,
			);
			mainGroup = 5BF5BC8F2626025100203EE2;
			productRefGroup = 5BF5BC992626025100203EE2 /* Products */;
			projectDirPath = "";
			projectRoot = "";
			targets = (
				5BF5BC972626025100203EE2 /* PhotoAPI */,
				5B509E2E2626DB4E009A0B00 /* PhotoAPITests */,
			);
		};
/* End PBXProject section */

/* Begin PBXResourcesBuildPhase section */
		5B509E2D2626DB4E009A0B00 /* Resources */ = {
			isa = PBXResourcesBuildPhase;
			buildActionMask = 2147483647;
			files = (
			);
			runOnlyForDeploymentPostprocessing = 0;
		};
		5BF5BC962626025100203EE2 /* Resources */ = {
			isa = PBXResourcesBuildPhase;
			buildActionMask = 2147483647;
			files = (
				5BF5BCA82626025300203EE2 /* LaunchScreen.storyboard in Resources */,
				5BF5BCA52626025300203EE2 /* Assets.xcassets in Resources */,
			);
			runOnlyForDeploymentPostprocessing = 0;
		};
/* End PBXResourcesBuildPhase section */

/* Begin PBXSourcesBuildPhase section */
		5B509E2B2626DB4E009A0B00 /* Sources */ = {
			isa = PBXSourcesBuildPhase;
			buildActionMask = 2147483647;
			files = (
				5B509E322626DB4E009A0B00 /* PhotoAPIRequestTests.swift in Sources */,
			);
			runOnlyForDeploymentPostprocessing = 0;
		};
		5BF5BC942626025100203EE2 /* Sources */ = {
			isa = PBXSourcesBuildPhase;
			buildActionMask = 2147483647;
			files = (
				5B468E57262763CD003930D8 /* AlbumCellViewModel.swift in Sources */,
				5B468E2A262735E1003930D8 /* UserDataManagerProtocol.swift in Sources */,
				5BF5BCA02626025100203EE2 /* ViewController.swift in Sources */,
				5B468E5F26276A5B003930D8 /* AlbumViewModelDelegate.swift in Sources */,
				5B468E2226273586003930D8 /* AlbumDataManagerProtocol.swift in Sources */,
				5BF5BC9C2626025100203EE2 /* AppDelegate.swift in Sources */,
				5B468E3B2627503C003930D8 /* UserByIdRequest.swift in Sources */,
				5B468E5B26276610003930D8 /* AlbumCell.swift in Sources */,
				5BC39E5C2626100500DFB699 /* HTTPMethods.swift in Sources */,
				5B509E422626EDBD009A0B00 /* AllPhotosResquest.swift in Sources */,
				5B468E4426275B5D003930D8 /* UIView+Ext.swift in Sources */,
				5B468E4C26275FDF003930D8 /* AlbumViewModel.swift in Sources */,
				5BC39E6326261F6200DFB699 /* APIPaths.swift in Sources */,
				5BC39E6C2626253D00DFB699 /* NetworkService.swift in Sources */,
				5B468E2E26273616003930D8 /* ImageService.swift in Sources */,
				5B468E0526272883003930D8 /* AllUsersRequest.swift in Sources */,
				5B468DE32626F470003930D8 /* AlbumPerUsersRequest.swift in Sources */,
				5B468E1226273057003930D8 /* RemoteDataManagerProtocol.swift in Sources */,
				5B468DEF2626F4CB003930D8 /* User.swift in Sources */,
				5BF5BC9E2626025100203EE2 /* SceneDelegate.swift in Sources */,
				5BC39E5326260AE800DFB699 /* Photo.swift in Sources */,
				5BC39E6F2626256300DFB699 /* AllAlbumsResquest.swift in Sources */,
				5B468E012627218B003930D8 /* Responses.swift in Sources */,
				5B468E1E2627347E003930D8 /* DataManager.swift in Sources */,
				5BC39E602626156C00DFB699 /* APIResquest.swift in Sources */,
				5B468E26262735B5003930D8 /* PhotoDataManagerProtocol.swift in Sources */,
				5B509E482626F006009A0B00 /* PhotosPerAlbumRequest.swift in Sources */,
				5BC39E4A262609B200DFB699 /* Album.swift in Sources */,
				5B468E1826273068003930D8 /* RemoteDataManagerImpl.swift in Sources */,
			);
			runOnlyForDeploymentPostprocessing = 0;
		};
/* End PBXSourcesBuildPhase section */

/* Begin PBXTargetDependency section */
		5B509E352626DB4E009A0B00 /* PBXTargetDependency */ = {
			isa = PBXTargetDependency;
			target = 5BF5BC972626025100203EE2 /* PhotoAPI */;
			targetProxy = 5B509E342626DB4E009A0B00 /* PBXContainerItemProxy */;
		};
/* End PBXTargetDependency section */

/* Begin PBXVariantGroup section */
		5BF5BCA62626025300203EE2 /* LaunchScreen.storyboard */ = {
			isa = PBXVariantGroup;
			children = (
				5BF5BCA72626025300203EE2 /* Base */,
			);
			name = LaunchScreen.storyboard;
			sourceTree = "<group>";
		};
/* End PBXVariantGroup section */

/* Begin XCBuildConfiguration section */
		5B509E362626DB4E009A0B00 /* Debug */ = {
			isa = XCBuildConfiguration;
			buildSettings = {
				BUNDLE_LOADER = "$(TEST_HOST)";
				CODE_SIGN_STYLE = Automatic;
				DEVELOPMENT_TEAM = 2Q7F87669V;
				INFOPLIST_FILE = PhotoAPITests/Info.plist;
				LD_RUNPATH_SEARCH_PATHS = (
					"$(inherited)",
					"@executable_path/Frameworks",
					"@loader_path/Frameworks",
				);
				PRODUCT_BUNDLE_IDENTIFIER = by.rodri.PhotoAPITests;
				PRODUCT_NAME = "$(TARGET_NAME)";
				SWIFT_VERSION = 5.0;
				TARGETED_DEVICE_FAMILY = "1,2";
				TEST_HOST = "$(BUILT_PRODUCTS_DIR)/PhotoAPI.app/PhotoAPI";
			};
			name = Debug;
		};
		5B509E372626DB4E009A0B00 /* Release */ = {
			isa = XCBuildConfiguration;
			buildSettings = {
				BUNDLE_LOADER = "$(TEST_HOST)";
				CODE_SIGN_STYLE = Automatic;
				DEVELOPMENT_TEAM = 2Q7F87669V;
				INFOPLIST_FILE = PhotoAPITests/Info.plist;
				LD_RUNPATH_SEARCH_PATHS = (
					"$(inherited)",
					"@executable_path/Frameworks",
					"@loader_path/Frameworks",
				);
				PRODUCT_BUNDLE_IDENTIFIER = by.rodri.PhotoAPITests;
				PRODUCT_NAME = "$(TARGET_NAME)";
				SWIFT_VERSION = 5.0;
				TARGETED_DEVICE_FAMILY = "1,2";
				TEST_HOST = "$(BUILT_PRODUCTS_DIR)/PhotoAPI.app/PhotoAPI";
			};
			name = Release;
		};
		5BF5BCAA2626025300203EE2 /* Debug */ = {
			isa = XCBuildConfiguration;
			buildSettings = {
				ALWAYS_SEARCH_USER_PATHS = NO;
				CLANG_ANALYZER_NONNULL = YES;
				CLANG_ANALYZER_NUMBER_OBJECT_CONVERSION = YES_AGGRESSIVE;
				CLANG_CXX_LANGUAGE_STANDARD = "gnu++14";
				CLANG_CXX_LIBRARY = "libc++";
				CLANG_ENABLE_MODULES = YES;
				CLANG_ENABLE_OBJC_ARC = YES;
				CLANG_ENABLE_OBJC_WEAK = YES;
				CLANG_WARN_BLOCK_CAPTURE_AUTORELEASING = YES;
				CLANG_WARN_BOOL_CONVERSION = YES;
				CLANG_WARN_COMMA = YES;
				CLANG_WARN_CONSTANT_CONVERSION = YES;
				CLANG_WARN_DEPRECATED_OBJC_IMPLEMENTATIONS = YES;
				CLANG_WARN_DIRECT_OBJC_ISA_USAGE = YES_ERROR;
				CLANG_WARN_DOCUMENTATION_COMMENTS = YES;
				CLANG_WARN_EMPTY_BODY = YES;
				CLANG_WARN_ENUM_CONVERSION = YES;
				CLANG_WARN_INFINITE_RECURSION = YES;
				CLANG_WARN_INT_CONVERSION = YES;
				CLANG_WARN_NON_LITERAL_NULL_CONVERSION = YES;
				CLANG_WARN_OBJC_IMPLICIT_RETAIN_SELF = YES;
				CLANG_WARN_OBJC_LITERAL_CONVERSION = YES;
				CLANG_WARN_OBJC_ROOT_CLASS = YES_ERROR;
				CLANG_WARN_QUOTED_INCLUDE_IN_FRAMEWORK_HEADER = YES;
				CLANG_WARN_RANGE_LOOP_ANALYSIS = YES;
				CLANG_WARN_STRICT_PROTOTYPES = YES;
				CLANG_WARN_SUSPICIOUS_MOVE = YES;
				CLANG_WARN_UNGUARDED_AVAILABILITY = YES_AGGRESSIVE;
				CLANG_WARN_UNREACHABLE_CODE = YES;
				CLANG_WARN__DUPLICATE_METHOD_MATCH = YES;
				COPY_PHASE_STRIP = NO;
				DEBUG_INFORMATION_FORMAT = dwarf;
				ENABLE_STRICT_OBJC_MSGSEND = YES;
				ENABLE_TESTABILITY = YES;
				GCC_C_LANGUAGE_STANDARD = gnu11;
				GCC_DYNAMIC_NO_PIC = NO;
				GCC_NO_COMMON_BLOCKS = YES;
				GCC_OPTIMIZATION_LEVEL = 0;
				GCC_PREPROCESSOR_DEFINITIONS = (
					"DEBUG=1",
					"$(inherited)",
				);
				GCC_WARN_64_TO_32_BIT_CONVERSION = YES;
				GCC_WARN_ABOUT_RETURN_TYPE = YES_ERROR;
				GCC_WARN_UNDECLARED_SELECTOR = YES;
				GCC_WARN_UNINITIALIZED_AUTOS = YES_AGGRESSIVE;
				GCC_WARN_UNUSED_FUNCTION = YES;
				GCC_WARN_UNUSED_VARIABLE = YES;
				IPHONEOS_DEPLOYMENT_TARGET = 14.4;
				MTL_ENABLE_DEBUG_INFO = INCLUDE_SOURCE;
				MTL_FAST_MATH = YES;
				ONLY_ACTIVE_ARCH = YES;
				SDKROOT = iphoneos;
				SWIFT_ACTIVE_COMPILATION_CONDITIONS = DEBUG;
				SWIFT_OPTIMIZATION_LEVEL = "-Onone";
			};
			name = Debug;
		};
		5BF5BCAB2626025300203EE2 /* Release */ = {
			isa = XCBuildConfiguration;
			buildSettings = {
				ALWAYS_SEARCH_USER_PATHS = NO;
				CLANG_ANALYZER_NONNULL = YES;
				CLANG_ANALYZER_NUMBER_OBJECT_CONVERSION = YES_AGGRESSIVE;
				CLANG_CXX_LANGUAGE_STANDARD = "gnu++14";
				CLANG_CXX_LIBRARY = "libc++";
				CLANG_ENABLE_MODULES = YES;
				CLANG_ENABLE_OBJC_ARC = YES;
				CLANG_ENABLE_OBJC_WEAK = YES;
				CLANG_WARN_BLOCK_CAPTURE_AUTORELEASING = YES;
				CLANG_WARN_BOOL_CONVERSION = YES;
				CLANG_WARN_COMMA = YES;
				CLANG_WARN_CONSTANT_CONVERSION = YES;
				CLANG_WARN_DEPRECATED_OBJC_IMPLEMENTATIONS = YES;
				CLANG_WARN_DIRECT_OBJC_ISA_USAGE = YES_ERROR;
				CLANG_WARN_DOCUMENTATION_COMMENTS = YES;
				CLANG_WARN_EMPTY_BODY = YES;
				CLANG_WARN_ENUM_CONVERSION = YES;
				CLANG_WARN_INFINITE_RECURSION = YES;
				CLANG_WARN_INT_CONVERSION = YES;
				CLANG_WARN_NON_LITERAL_NULL_CONVERSION = YES;
				CLANG_WARN_OBJC_IMPLICIT_RETAIN_SELF = YES;
				CLANG_WARN_OBJC_LITERAL_CONVERSION = YES;
				CLANG_WARN_OBJC_ROOT_CLASS = YES_ERROR;
				CLANG_WARN_QUOTED_INCLUDE_IN_FRAMEWORK_HEADER = YES;
				CLANG_WARN_RANGE_LOOP_ANALYSIS = YES;
				CLANG_WARN_STRICT_PROTOTYPES = YES;
				CLANG_WARN_SUSPICIOUS_MOVE = YES;
				CLANG_WARN_UNGUARDED_AVAILABILITY = YES_AGGRESSIVE;
				CLANG_WARN_UNREACHABLE_CODE = YES;
				CLANG_WARN__DUPLICATE_METHOD_MATCH = YES;
				COPY_PHASE_STRIP = NO;
				DEBUG_INFORMATION_FORMAT = "dwarf-with-dsym";
				ENABLE_NS_ASSERTIONS = NO;
				ENABLE_STRICT_OBJC_MSGSEND = YES;
				GCC_C_LANGUAGE_STANDARD = gnu11;
				GCC_NO_COMMON_BLOCKS = YES;
				GCC_WARN_64_TO_32_BIT_CONVERSION = YES;
				GCC_WARN_ABOUT_RETURN_TYPE = YES_ERROR;
				GCC_WARN_UNDECLARED_SELECTOR = YES;
				GCC_WARN_UNINITIALIZED_AUTOS = YES_AGGRESSIVE;
				GCC_WARN_UNUSED_FUNCTION = YES;
				GCC_WARN_UNUSED_VARIABLE = YES;
				IPHONEOS_DEPLOYMENT_TARGET = 14.4;
				MTL_ENABLE_DEBUG_INFO = NO;
				MTL_FAST_MATH = YES;
				SDKROOT = iphoneos;
				SWIFT_COMPILATION_MODE = wholemodule;
				SWIFT_OPTIMIZATION_LEVEL = "-O";
				VALIDATE_PRODUCT = YES;
			};
			name = Release;
		};
		5BF5BCAD2626025300203EE2 /* Debug */ = {
			isa = XCBuildConfiguration;
			buildSettings = {
				ASSETCATALOG_COMPILER_APPICON_NAME = AppIcon;
				ASSETCATALOG_COMPILER_GLOBAL_ACCENT_COLOR_NAME = AccentColor;
				CODE_SIGN_STYLE = Automatic;
				DEVELOPMENT_TEAM = 2Q7F87669V;
				INFOPLIST_FILE = PhotoAPI/App/Info.plist;
				LD_RUNPATH_SEARCH_PATHS = (
					"$(inherited)",
					"@executable_path/Frameworks",
				);
				PRODUCT_BUNDLE_IDENTIFIER = by.rodri.PhotoAPI;
				PRODUCT_NAME = "$(TARGET_NAME)";
				SWIFT_VERSION = 5.0;
				TARGETED_DEVICE_FAMILY = 1;
			};
			name = Debug;
		};
		5BF5BCAE2626025300203EE2 /* Release */ = {
			isa = XCBuildConfiguration;
			buildSettings = {
				ASSETCATALOG_COMPILER_APPICON_NAME = AppIcon;
				ASSETCATALOG_COMPILER_GLOBAL_ACCENT_COLOR_NAME = AccentColor;
				CODE_SIGN_STYLE = Automatic;
				DEVELOPMENT_TEAM = 2Q7F87669V;
				INFOPLIST_FILE = PhotoAPI/App/Info.plist;
				LD_RUNPATH_SEARCH_PATHS = (
					"$(inherited)",
					"@executable_path/Frameworks",
				);
				PRODUCT_BUNDLE_IDENTIFIER = by.rodri.PhotoAPI;
				PRODUCT_NAME = "$(TARGET_NAME)";
				SWIFT_VERSION = 5.0;
				TARGETED_DEVICE_FAMILY = 1;
			};
			name = Release;
		};
/* End XCBuildConfiguration section */

/* Begin XCConfigurationList section */
		5B509E382626DB4E009A0B00 /* Build configuration list for PBXNativeTarget "PhotoAPITests" */ = {
			isa = XCConfigurationList;
			buildConfigurations = (
				5B509E362626DB4E009A0B00 /* Debug */,
				5B509E372626DB4E009A0B00 /* Release */,
			);
			defaultConfigurationIsVisible = 0;
			defaultConfigurationName = Release;
		};
		5BF5BC932626025100203EE2 /* Build configuration list for PBXProject "PhotoAPI" */ = {
			isa = XCConfigurationList;
			buildConfigurations = (
				5BF5BCAA2626025300203EE2 /* Debug */,
				5BF5BCAB2626025300203EE2 /* Release */,
			);
			defaultConfigurationIsVisible = 0;
			defaultConfigurationName = Release;
		};
		5BF5BCAC2626025300203EE2 /* Build configuration list for PBXNativeTarget "PhotoAPI" */ = {
			isa = XCConfigurationList;
			buildConfigurations = (
				5BF5BCAD2626025300203EE2 /* Debug */,
				5BF5BCAE2626025300203EE2 /* Release */,
			);
			defaultConfigurationIsVisible = 0;
			defaultConfigurationName = Release;
		};
/* End XCConfigurationList section */
	};
	rootObject = 5BF5BC902626025100203EE2 /* Project object */;
}
